
Microsoft Visual Studio Solution File, Format Version 12.00
# Visual Studio Version 17
VisualStudioVersion = 17.2.32630.192
MinimumVisualStudioVersion = 10.0.40219.1
Project("{FAE04EC0-301F-11D3-BF4B-00C04F79EFBC}") = "BELDELIVERY-API", "BELDELIVERY-API\BELDELIVERY-API.csproj", "{5DA07FEE-DA42-4764-8AB8-11595C2DCBAC}"
EndProject
Global
	GlobalSection(SolutionConfigurationPlatforms) = preSolution
		Debug|Any CPU = Debug|Any CPU
		Release|Any CPU = Release|Any CPU
	EndGlobalSection
	GlobalSection(ProjectConfigurationPlatforms) = postSolution
		{5DA07FEE-DA42-4764-8AB8-11595C2DCBAC}.Debug|Any CPU.ActiveCfg = Debug|Any CPU
		{5DA07FEE-DA42-4764-8AB8-11595C2DCBAC}.Debug|Any CPU.Build.0 = Debug|Any CPU
		{5DA07FEE-DA42-4764-8AB8-11595C2DCBAC}.Release|Any CPU.ActiveCfg = Release|Any CPU
		{5DA07FEE-DA42-4764-8AB8-11595C2DCBAC}.Release|Any CPU.Build.0 = Release|Any CPU
	EndGlobalSection
	GlobalSection(SolutionProperties) = preSolution
		HideSolutionNode = FALSE
	EndGlobalSection
	GlobalSection(ExtensibilityGlobals) = postSolution
		SolutionGuid = {67448B48-0CF5-47F1-A321-E14A5A4A90D6}
	EndGlobalSection
EndGlobal
